dependencies:
  idf:
    source:
      type: idf
    version: 5.4.1
  joltwallet/littlefs:
    component_hash: 3af20a3d75c49db9dc2286fd50862c34055c9f578419ad1f2bf7ed3ed01391fe
    dependencies:
    - name: idf
      require: private
      version: '>=5.0'
    source:
      registry_url: https://components.espressif.com/
      type: service
    version: 1.22.3
direct_dependencies:
- idf
- joltwallet/littlefs
manifest_hash: d6aa4ddb6c68658504c39c019c760a52df0cac6224a66356cf20d5b01c5441ed
target: esp32s3
version: 2.0.0
